
Microsoft Visual Studio Solution File, Format Version 12.00
# Visual Studio 15
VisualStudioVersion = 15.0.28307.329
MinimumVisualStudioVersion = 10.0.40219.1
Project("{9A19103F-16F7-4668-BE54-9A1E7A4F7556}") = "Variables", "Variables\Variables.csproj", "{5DB59F29-DD1F-4C22-90A5-AA8537D237D1}"
EndProject
Project("{9A19103F-16F7-4668-BE54-9A1E7A4F7556}") = "Sys", "Sys\Sys.csproj", "{90F86FB0-4873-47BE-9C95-245CADCF6169}"
EndProject
Project("{9A19103F-16F7-4668-BE54-9A1E7A4F7556}") = "Strings", "Strings\Strings.csproj", "{9F2D7FE4-2FA1-4189-AD20-83F026A1C95A}"
EndProject
Project("{9A19103F-16F7-4668-BE54-9A1E7A4F7556}") = "Maths", "Math\Maths.csproj", "{50720C14-538A-41BC-A9D5-C64636C0D648}"
EndProject
Project("{FAE04EC0-301F-11D3-BF4B-00C04F79EFBC}") = "Branches", "Branches\Branches.csproj", "{CD98C3C5-9292-403D-A545-59425044D980}"
EndProject
Project("{FAE04EC0-301F-11D3-BF4B-00C04F79EFBC}") = "Loops", "Loops\Loops.csproj", "{33454D5E-D793-4654-A24F-170241CA93FD}"
EndProject
Global
	GlobalSection(SolutionConfigurationPlatforms) = preSolution
		Debug|Any CPU = Debug|Any CPU
		Release|Any CPU = Release|Any CPU
	EndGlobalSection
	GlobalSection(ProjectConfigurationPlatforms) = postSolution
		{5DB59F29-DD1F-4C22-90A5-AA8537D237D1}.Debug|Any CPU.ActiveCfg = Debug|Any CPU
		{5DB59F29-DD1F-4C22-90A5-AA8537D237D1}.Debug|Any CPU.Build.0 = Debug|Any CPU
		{5DB59F29-DD1F-4C22-90A5-AA8537D237D1}.Release|Any CPU.ActiveCfg = Release|Any CPU
		{5DB59F29-DD1F-4C22-90A5-AA8537D237D1}.Release|Any CPU.Build.0 = Release|Any CPU
		{90F86FB0-4873-47BE-9C95-245CADCF6169}.Debug|Any CPU.ActiveCfg = Debug|Any CPU
		{90F86FB0-4873-47BE-9C95-245CADCF6169}.Debug|Any CPU.Build.0 = Debug|Any CPU
		{90F86FB0-4873-47BE-9C95-245CADCF6169}.Release|Any CPU.ActiveCfg = Release|Any CPU
		{90F86FB0-4873-47BE-9C95-245CADCF6169}.Release|Any CPU.Build.0 = Release|Any CPU
		{9F2D7FE4-2FA1-4189-AD20-83F026A1C95A}.Debug|Any CPU.ActiveCfg = Debug|Any CPU
		{9F2D7FE4-2FA1-4189-AD20-83F026A1C95A}.Debug|Any CPU.Build.0 = Debug|Any CPU
		{9F2D7FE4-2FA1-4189-AD20-83F026A1C95A}.Release|Any CPU.ActiveCfg = Release|Any CPU
		{9F2D7FE4-2FA1-4189-AD20-83F026A1C95A}.Release|Any CPU.Build.0 = Release|Any CPU
		{50720C14-538A-41BC-A9D5-C64636C0D648}.Debug|Any CPU.ActiveCfg = Debug|Any CPU
		{50720C14-538A-41BC-A9D5-C64636C0D648}.Debug|Any CPU.Build.0 = Debug|Any CPU
		{50720C14-538A-41BC-A9D5-C64636C0D648}.Release|Any CPU.ActiveCfg = Release|Any CPU
		{50720C14-538A-41BC-A9D5-C64636C0D648}.Release|Any CPU.Build.0 = Release|Any CPU
		{CD98C3C5-9292-403D-A545-59425044D980}.Debug|Any CPU.ActiveCfg = Debug|Any CPU
		{CD98C3C5-9292-403D-A545-59425044D980}.Debug|Any CPU.Build.0 = Debug|Any CPU
		{CD98C3C5-9292-403D-A545-59425044D980}.Release|Any CPU.ActiveCfg = Release|Any CPU
		{CD98C3C5-9292-403D-A545-59425044D980}.Release|Any CPU.Build.0 = Release|Any CPU
		{33454D5E-D793-4654-A24F-170241CA93FD}.Debug|Any CPU.ActiveCfg = Debug|Any CPU
		{33454D5E-D793-4654-A24F-170241CA93FD}.Debug|Any CPU.Build.0 = Debug|Any CPU
		{33454D5E-D793-4654-A24F-170241CA93FD}.Release|Any CPU.ActiveCfg = Release|Any CPU
		{33454D5E-D793-4654-A24F-170241CA93FD}.Release|Any CPU.Build.0 = Release|Any CPU
	EndGlobalSection
	GlobalSection(SolutionProperties) = preSolution
		HideSolutionNode = FALSE
	EndGlobalSection
	GlobalSection(ExtensibilityGlobals) = postSolution
		SolutionGuid = {DF222FC0-9307-40DE-8770-5F946C2B5A31}
	EndGlobalSection
EndGlobal
